dependencies:
  espressif/esp_websocket_client:
    component_hash: ae561d39222a399ddda5e470913c3d54a3c0f53dce15b8d21a3aaa4226dd74b1
    source:
      service_url: https://api.components.espressif.com/
      type: service
    version: 1.2.3
  espressif/jsmn:
    component_hash: d80350c41bbaa827c98a25b6072df00884e72f54885996fab4a4f0aebce6b6c3
    source:
      service_url: https://api.components.espressif.com/
      type: service
    version: 1.1.0
  idf:
    component_hash: null
    source:
      type: idf
    version: 5.2.1
manifest_hash: bd6b98a686f40c53cf8d26433e606ffb681b189d3830def06ba211d5fee76cd2
target: esp32
version: 1.0.0
